
Microsoft Visual Studio Solution File, Format Version 12.00
# Visual Studio Version 16
VisualStudioVersion = 16.0.30611.23
MinimumVisualStudioVersion = 10.0.40219.1
Project("{FAE04EC0-301F-11D3-BF4B-00C04F79EFBC}") = "ServiceRest_20180140086_SandiEkaYuda", "ServiceRest_20180140086_SandiEkaYuda\ServiceRest_20180140086_SandiEkaYuda.csproj", "{5CBE6843-6906-4565-AC0C-7F6FCC16F7FD}"
EndProject
Global
	GlobalSection(SolutionConfigurationPlatforms) = preSolution
		Debug|Any CPU = Debug|Any CPU
		Release|Any CPU = Release|Any CPU
	EndGlobalSection
	GlobalSection(ProjectConfigurationPlatforms) = postSolution
		{5CBE6843-6906-4565-AC0C-7F6FCC16F7FD}.Debug|Any CPU.ActiveCfg = Debug|Any CPU
		{5CBE6843-6906-4565-AC0C-7F6FCC16F7FD}.Debug|Any CPU.Build.0 = Debug|Any CPU
		{5CBE6843-6906-4565-AC0C-7F6FCC16F7FD}.Release|Any CPU.ActiveCfg = Release|Any CPU
		{5CBE6843-6906-4565-AC0C-7F6FCC16F7FD}.Release|Any CPU.Build.0 = Release|Any CPU
	EndGlobalSection
	GlobalSection(SolutionProperties) = preSolution
		HideSolutionNode = FALSE
	EndGlobalSection
	GlobalSection(ExtensibilityGlobals) = postSolution
		SolutionGuid = {48905B00-2471-4A48-BEE5-63E341231488}
	EndGlobalSection
EndGlobal
